
Microsoft Visual Studio Solution File, Format Version 12.00
# Visual Studio 15
VisualStudioVersion = 15.0.28307.421
MinimumVisualStudioVersion = 10.0.40219.1
Project("{FAE04EC0-301F-11D3-BF4B-00C04F79EFBC}") = "Rocket_Elevators_Corporate_Controller", "Rocket_Elevators_Corporate_Controller\Rocket_Elevators_Corporate_Controller.csproj", "{AAACEC3A-F511-403C-8DBE-A900E1A2B840}"
EndProject
Global
	GlobalSection(SolutionConfigurationPlatforms) = preSolution
		Debug|Any CPU = Debug|Any CPU
		Release|Any CPU = Release|Any CPU
	EndGlobalSection
	GlobalSection(ProjectConfigurationPlatforms) = postSolution
		{AAACEC3A-F511-403C-8DBE-A900E1A2B840}.Debug|Any CPU.ActiveCfg = Debug|Any CPU
		{AAACEC3A-F511-403C-8DBE-A900E1A2B840}.Debug|Any CPU.Build.0 = Debug|Any CPU
		{AAACEC3A-F511-403C-8DBE-A900E1A2B840}.Release|Any CPU.ActiveCfg = Release|Any CPU
		{AAACEC3A-F511-403C-8DBE-A900E1A2B840}.Release|Any CPU.Build.0 = Release|Any CPU
	EndGlobalSection
	GlobalSection(SolutionProperties) = preSolution
		HideSolutionNode = FALSE
	EndGlobalSection
	GlobalSection(ExtensibilityGlobals) = postSolution
		SolutionGuid = {06235E30-464B-4C7B-A7F1-45EE28DF932B}
	EndGlobalSection
EndGlobal
